
Microsoft Visual Studio Solution File, Format Version 12.00
# Visual Studio Version 17
VisualStudioVersion = 17.2.32630.192
MinimumVisualStudioVersion = 10.0.40219.1
Project("{FAE04EC0-301F-11D3-BF4B-00C04F79EFBC}") = "PetHouse", "PetHouse\PetHouse.csproj", "{DB1FCA60-4547-44AD-B3B2-7B150F1653BD}"
EndProject
Project("{FAE04EC0-301F-11D3-BF4B-00C04F79EFBC}") = "Dominio", "Dominio\Dominio.csproj", "{8F2B6528-769D-4986-90CC-551770296A67}"
EndProject
Global
	GlobalSection(SolutionConfigurationPlatforms) = preSolution
		Debug|Any CPU = Debug|Any CPU
		Release|Any CPU = Release|Any CPU
	EndGlobalSection
	GlobalSection(ProjectConfigurationPlatforms) = postSolution
		{DB1FCA60-4547-44AD-B3B2-7B150F1653BD}.Debug|Any CPU.ActiveCfg = Debug|Any CPU
		{DB1FCA60-4547-44AD-B3B2-7B150F1653BD}.Debug|Any CPU.Build.0 = Debug|Any CPU
		{DB1FCA60-4547-44AD-B3B2-7B150F1653BD}.Release|Any CPU.ActiveCfg = Release|Any CPU
		{DB1FCA60-4547-44AD-B3B2-7B150F1653BD}.Release|Any CPU.Build.0 = Release|Any CPU
		{8F2B6528-769D-4986-90CC-551770296A67}.Debug|Any CPU.ActiveCfg = Debug|Any CPU
		{8F2B6528-769D-4986-90CC-551770296A67}.Debug|Any CPU.Build.0 = Debug|Any CPU
		{8F2B6528-769D-4986-90CC-551770296A67}.Release|Any CPU.ActiveCfg = Release|Any CPU
		{8F2B6528-769D-4986-90CC-551770296A67}.Release|Any CPU.Build.0 = Release|Any CPU
	EndGlobalSection
	GlobalSection(SolutionProperties) = preSolution
		HideSolutionNode = FALSE
	EndGlobalSection
	GlobalSection(ExtensibilityGlobals) = postSolution
		SolutionGuid = {FB594A22-8984-427D-93BA-162729EB0B82}
	EndGlobalSection
EndGlobal
